// !$*UTF8*$!
{
	archiveVersion = 1;
	classes = {
	};
	objectVersion = 51;
	objects = {

/* Begin PBXBuildFile section */
		17292B13EF8E54E539EBBB03 /* Pods_Messenger.framework in Frameworks */ = {isa = PBXBuildFile; fileRef = 52F7E9B9EFEBD64ED268E4D4 /* Pods_Messenger.framework */; };
		B31C093F24FD890C00B9E839 /* GetTopVC.swift in Sources */ = {isa = PBXBuildFile; fileRef = B31C093E24FD890C00B9E839 /* GetTopVC.swift */; };
		B31C094324FD9DDB00B9E839 /* Alerts.swift in Sources */ = {isa = PBXBuildFile; fileRef = B31C094224FD9DDB00B9E839 /* Alerts.swift */; };
		B31C094524FDBEB400B9E839 /* MessageViewController.swift in Sources */ = {isa = PBXBuildFile; fileRef = B31C094424FDBEB400B9E839 /* MessageViewController.swift */; };
		B31C094724FDC48700B9E839 /* MSender.swift in Sources */ = {isa = PBXBuildFile; fileRef = B31C094624FDC48700B9E839 /* MSender.swift */; };
		B3315BE224F1F578001CF49B /* ChatsViewController.swift in Sources */ = {isa = PBXBuildFile; fileRef = B3315BE124F1F578001CF49B /* ChatsViewController.swift */; };
		B341900A24E718D400823790 /* LoginViewController.swift in Sources */ = {isa = PBXBuildFile; fileRef = B341900924E718D400823790 /* LoginViewController.swift */; };
		B341900E24E71B6400823790 /* AuthentificationServices.swift in Sources */ = {isa = PBXBuildFile; fileRef = B341900D24E71B6400823790 /* AuthentificationServices.swift */; };
		B341901224E7482500823790 /* Validators.swift in Sources */ = {isa = PBXBuildFile; fileRef = B341901124E7482500823790 /* Validators.swift */; };
		B34762A324F8B3980051CF88 /* ListenerServices.swift in Sources */ = {isa = PBXBuildFile; fileRef = B34762A224F8B3980051CF88 /* ListenerServices.swift */; };
		B34762A624F9A26B0051CF88 /* ChatTableViewCell.swift in Sources */ = {isa = PBXBuildFile; fileRef = B34762A524F9A26B0051CF88 /* ChatTableViewCell.swift */; };
		B34762A824F9AC4D0051CF88 /* MChat.swift in Sources */ = {isa = PBXBuildFile; fileRef = B34762A724F9AC4D0051CF88 /* MChat.swift */; };
		B34762AA24F9B0AE0051CF88 /* MMessage.swift in Sources */ = {isa = PBXBuildFile; fileRef = B34762A924F9B0AE0051CF88 /* MMessage.swift */; };
		B35ABA0A24D4D2320046B1C2 /* AppDelegate.swift in Sources */ = {isa = PBXBuildFile; fileRef = B35ABA0924D4D2320046B1C2 /* AppDelegate.swift */; };
		B35ABA0C24D4D2320046B1C2 /* SceneDelegate.swift in Sources */ = {isa = PBXBuildFile; fileRef = B35ABA0B24D4D2320046B1C2 /* SceneDelegate.swift */; };
		B35ABA0E24D4D2320046B1C2 /* AuthViewController.swift in Sources */ = {isa = PBXBuildFile; fileRef = B35ABA0D24D4D2320046B1C2 /* AuthViewController.swift */; };
		B35ABA1124D4D2320046B1C2 /* Main.storyboard in Resources */ = {isa = PBXBuildFile; fileRef = B35ABA0F24D4D2320046B1C2 /* Main.storyboard */; };
		B35ABA1324D4D2350046B1C2 /* Assets.xcassets in Resources */ = {isa = PBXBuildFile; fileRef = B35ABA1224D4D2350046B1C2 /* Assets.xcassets */; };
		B35ABA1624D4D2350046B1C2 /* LaunchScreen.storyboard in Resources */ = {isa = PBXBuildFile; fileRef = B35ABA1424D4D2350046B1C2 /* LaunchScreen.storyboard */; };
		B35ABA1E24D4D82B0046B1C2 /* GoogleService-Info.plist in Resources */ = {isa = PBXBuildFile; fileRef = B35ABA1D24D4D82B0046B1C2 /* GoogleService-Info.plist */; };
		B362782F24D4E883009B0CE7 /* RegistrationViewController.swift in Sources */ = {isa = PBXBuildFile; fileRef = B362782E24D4E883009B0CE7 /* RegistrationViewController.swift */; };
		B381E81824EDE4DB001AC878 /* FirestoreService.swift in Sources */ = {isa = PBXBuildFile; fileRef = B381E81724EDE4DB001AC878 /* FirestoreService.swift */; };
		B381E81A24EDEE2C001AC878 /* MUser.swift in Sources */ = {isa = PBXBuildFile; fileRef = B381E81924EDEE2C001AC878 /* MUser.swift */; };
		B38B3B5F24EC9AC300CA7AD8 /* AuthErrors.swift in Sources */ = {isa = PBXBuildFile; fileRef = B38B3B5E24EC9AC300CA7AD8 /* AuthErrors.swift */; };
/* End PBXBuildFile section */

/* Begin PBXFileReference section */
		52F7E9B9EFEBD64ED268E4D4 /* Pods_Messenger.framework */ = {isa = PBXFileReference; explicitFileType = wrapper.framework; includeInIndex = 0; path = Pods_Messenger.framework; sourceTree = BUILT_PRODUCTS_DIR; };
		B31C093E24FD890C00B9E839 /* GetTopVC.swift */ = {isa = PBXFileReference; lastKnownFileType = sourcecode.swift; path = GetTopVC.swift; sourceTree = "<group>"; };
		B31C094224FD9DDB00B9E839 /* Alerts.swift */ = {isa = PBXFileReference; lastKnownFileType = sourcecode.swift; path = Alerts.swift; sourceTree = "<group>"; };
		B31C094424FDBEB400B9E839 /* MessageViewController.swift */ = {isa = PBXFileReference; lastKnownFileType = sourcecode.swift; path = MessageViewController.swift; sourceTree = "<group>"; };
		B31C094624FDC48700B9E839 /* MSender.swift */ = {isa = PBXFileReference; lastKnownFileType = sourcecode.swift; path = MSender.swift; sourceTree = "<group>"; };
		B3315BE124F1F578001CF49B /* ChatsViewController.swift */ = {isa = PBXFileReference; lastKnownFileType = sourcecode.swift; path = ChatsViewController.swift; sourceTree = "<group>"; };
		B341900924E718D400823790 /* LoginViewController.swift */ = {isa = PBXFileReference; lastKnownFileType = sourcecode.swift; path = LoginViewController.swift; sourceTree = "<group>"; };
		B341900D24E71B6400823790 /* AuthentificationServices.swift */ = {isa = PBXFileReference; lastKnownFileType = sourcecode.swift; path = AuthentificationServices.swift; sourceTree = "<group>"; };
		B341901124E7482500823790 /* Validators.swift */ = {isa = PBXFileReference; lastKnownFileType = sourcecode.swift; path = Validators.swift; sourceTree = "<group>"; };
		B34762A224F8B3980051CF88 /* ListenerServices.swift */ = {isa = PBXFileReference; lastKnownFileType = sourcecode.swift; path = ListenerServices.swift; sourceTree = "<group>"; };
		B34762A524F9A26B0051CF88 /* ChatTableViewCell.swift */ = {isa = PBXFileReference; lastKnownFileType = sourcecode.swift; path = ChatTableViewCell.swift; sourceTree = "<group>"; };
		B34762A724F9AC4D0051CF88 /* MChat.swift */ = {isa = PBXFileReference; fileEncoding = 4; lastKnownFileType = sourcecode.swift; path = MChat.swift; sourceTree = "<group>"; };
		B34762A924F9B0AE0051CF88 /* MMessage.swift */ = {isa = PBXFileReference; lastKnownFileType = sourcecode.swift; path = MMessage.swift; sourceTree = "<group>"; };
		B35ABA0624D4D2320046B1C2 /* Messenger.app */ = {isa = PBXFileReference; explicitFileType = wrapper.application; includeInIndex = 0; path = Messenger.app; sourceTree = BUILT_PRODUCTS_DIR; };
		B35ABA0924D4D2320046B1C2 /* AppDelegate.swift */ = {isa = PBXFileReference; lastKnownFileType = sourcecode.swift; path = AppDelegate.swift; sourceTree = "<group>"; };
		B35ABA0B24D4D2320046B1C2 /* SceneDelegate.swift */ = {isa = PBXFileReference; lastKnownFileType = sourcecode.swift; path = SceneDelegate.swift; sourceTree = "<group>"; };
		B35ABA0D24D4D2320046B1C2 /* AuthViewController.swift */ = {isa = PBXFileReference; lastKnownFileType = sourcecode.swift; path = AuthViewController.swift; sourceTree = "<group>"; };
		B35ABA1024D4D2320046B1C2 /* Base */ = {isa = PBXFileReference; lastKnownFileType = file.storyboard; name = Base; path = Base.lproj/Main.storyboard; sourceTree = "<group>"; };
		B35ABA1224D4D2350046B1C2 /* Assets.xcassets */ = {isa = PBXFileReference; lastKnownFileType = folder.assetcatalog; path = Assets.xcassets; sourceTree = "<group>"; };
		B35ABA1524D4D2350046B1C2 /* Base */ = {isa = PBXFileReference; lastKnownFileType = file.storyboard; name = Base; path = Base.lproj/LaunchScreen.storyboard; sourceTree = "<group>"; };
		B35ABA1724D4D2350046B1C2 /* Info.plist */ = {isa = PBXFileReference; lastKnownFileType = text.plist.xml; path = Info.plist; sourceTree = "<group>"; };
		B35ABA1D24D4D82B0046B1C2 /* GoogleService-Info.plist */ = {isa = PBXFileReference; fileEncoding = 4; lastKnownFileType = text.plist.xml; path = "GoogleService-Info.plist"; sourceTree = "<group>"; };
		B362782E24D4E883009B0CE7 /* RegistrationViewController.swift */ = {isa = PBXFileReference; lastKnownFileType = sourcecode.swift; path = RegistrationViewController.swift; sourceTree = "<group>"; };
		B381E81724EDE4DB001AC878 /* FirestoreService.swift */ = {isa = PBXFileReference; lastKnownFileType = sourcecode.swift; path = FirestoreService.swift; sourceTree = "<group>"; };
		B381E81924EDEE2C001AC878 /* MUser.swift */ = {isa = PBXFileReference; lastKnownFileType = sourcecode.swift; path = MUser.swift; sourceTree = "<group>"; };
		B38B3B5E24EC9AC300CA7AD8 /* AuthErrors.swift */ = {isa = PBXFileReference; lastKnownFileType = sourcecode.swift; path = AuthErrors.swift; sourceTree = "<group>"; };
		DEACC253520E72EBD775A65C /* Pods-Messenger.debug.xcconfig */ = {isa = PBXFileReference; includeInIndex = 1; lastKnownFileType = text.xcconfig; name = "Pods-Messenger.debug.xcconfig"; path = "Target Support Files/Pods-Messenger/Pods-Messenger.debug.xcconfig"; sourceTree = "<group>"; };
		E2FCE08827C6530D6486C5AE /* Pods-Messenger.release.xcconfig */ = {isa = PBXFileReference; includeInIndex = 1; lastKnownFileType = text.xcconfig; name = "Pods-Messenger.release.xcconfig"; path = "Target Support Files/Pods-Messenger/Pods-Messenger.release.xcconfig"; sourceTree = "<group>"; };
/* End PBXFileReference section */

/* Begin PBXFrameworksBuildPhase section */
		B35ABA0324D4D2320046B1C2 /* Frameworks */ = {
			isa = PBXFrameworksBuildPhase;
			buildActionMask = 2147483647;
			files = (
				17292B13EF8E54E539EBBB03 /* Pods_Messenger.framework in Frameworks */,
			);
			runOnlyForDeploymentPostprocessing = 0;
		};
/* End PBXFrameworksBuildPhase section */

/* Begin PBXGroup section */
		6A5B7C414F00C3B64F769C1C /* Frameworks */ = {
			isa = PBXGroup;
			children = (
				52F7E9B9EFEBD64ED268E4D4 /* Pods_Messenger.framework */,
			);
			name = Frameworks;
			sourceTree = "<group>";
		};
		B31C093D24FD88BB00B9E839 /* Extensions */ = {
			isa = PBXGroup;
			children = (
				B31C093E24FD890C00B9E839 /* GetTopVC.swift */,
				B31C094224FD9DDB00B9E839 /* Alerts.swift */,
			);
			path = Extensions;
			sourceTree = "<group>";
		};
		B341900B24E71B2200823790 /* VC */ = {
			isa = PBXGroup;
			children = (
				B35ABA0D24D4D2320046B1C2 /* AuthViewController.swift */,
				B362782E24D4E883009B0CE7 /* RegistrationViewController.swift */,
				B341900924E718D400823790 /* LoginViewController.swift */,
				B3315BE124F1F578001CF49B /* ChatsViewController.swift */,
				B31C094424FDBEB400B9E839 /* MessageViewController.swift */,
			);
			path = VC;
			sourceTree = "<group>";
		};
		B341900C24E71B3D00823790 /* Services */ = {
			isa = PBXGroup;
			children = (
				B341900D24E71B6400823790 /* AuthentificationServices.swift */,
				B381E81724EDE4DB001AC878 /* FirestoreService.swift */,
				B34762A224F8B3980051CF88 /* ListenerServices.swift */,
			);
			path = Services;
			sourceTree = "<group>";
		};
		B34762A424F9A23B0051CF88 /* Cell */ = {
			isa = PBXGroup;
			children = (
				B34762A524F9A26B0051CF88 /* ChatTableViewCell.swift */,
			);
			path = Cell;
			sourceTree = "<group>";
		};
		B35AB9FD24D4D2320046B1C2 = {
			isa = PBXGroup;
			children = (
				B35ABA0824D4D2320046B1C2 /* Messenger */,
				B35ABA0724D4D2320046B1C2 /* Products */,
				E02C8E4733547793F0E940C4 /* Pods */,
				6A5B7C414F00C3B64F769C1C /* Frameworks */,
			);
			sourceTree = "<group>";
		};
		B35ABA0724D4D2320046B1C2 /* Products */ = {
			isa = PBXGroup;
			children = (
				B35ABA0624D4D2320046B1C2 /* Messenger.app */,
			);
			name = Products;
			sourceTree = "<group>";
		};
		B35ABA0824D4D2320046B1C2 /* Messenger */ = {
			isa = PBXGroup;
			children = (
				B35ABA0924D4D2320046B1C2 /* AppDelegate.swift */,
				B35ABA0B24D4D2320046B1C2 /* SceneDelegate.swift */,
				B31C093D24FD88BB00B9E839 /* Extensions */,
				B341900C24E71B3D00823790 /* Services */,
				B341900B24E71B2200823790 /* VC */,
				B381E81B24EDEF56001AC878 /* Models */,
				B34762A424F9A23B0051CF88 /* Cell */,
				B38B3B6024ECA40D00CA7AD8 /* Helpers */,
				B35ABA0F24D4D2320046B1C2 /* Main.storyboard */,
				B35ABA1224D4D2350046B1C2 /* Assets.xcassets */,
				B35ABA1424D4D2350046B1C2 /* LaunchScreen.storyboard */,
				B35ABA1724D4D2350046B1C2 /* Info.plist */,
				B35ABA1D24D4D82B0046B1C2 /* GoogleService-Info.plist */,
			);
			path = Messenger;
			sourceTree = "<group>";
		};
		B381E81B24EDEF56001AC878 /* Models */ = {
			isa = PBXGroup;
			children = (
				B34762A724F9AC4D0051CF88 /* MChat.swift */,
				B381E81924EDEE2C001AC878 /* MUser.swift */,
				B34762A924F9B0AE0051CF88 /* MMessage.swift */,
				B31C094624FDC48700B9E839 /* MSender.swift */,
			);
			path = Models;
			sourceTree = "<group>";
		};
		B38B3B6024ECA40D00CA7AD8 /* Helpers */ = {
			isa = PBXGroup;
			children = (
				B341901124E7482500823790 /* Validators.swift */,
				B38B3B5E24EC9AC300CA7AD8 /* AuthErrors.swift */,
			);
			path = Helpers;
			sourceTree = "<group>";
		};
		E02C8E4733547793F0E940C4 /* Pods */ = {
			isa = PBXGroup;
			children = (
				DEACC253520E72EBD775A65C /* Pods-Messenger.debug.xcconfig */,
				E2FCE08827C6530D6486C5AE /* Pods-Messenger.release.xcconfig */,
			);
			path = Pods;
			sourceTree = "<group>";
		};
/* End PBXGroup section */

/* Begin PBXNativeTarget section */
		B35ABA0524D4D2320046B1C2 /* Messenger */ = {
			isa = PBXNativeTarget;
			buildConfigurationList = B35ABA1A24D4D2350046B1C2 /* Build configuration list for PBXNativeTarget "Messenger" */;
			buildPhases = (
				6CBD7A23C19CC9D8E0B2ED4D /* [CP] Check Pods Manifest.lock */,
				B35ABA0224D4D2320046B1C2 /* Sources */,
				B35ABA0324D4D2320046B1C2 /* Frameworks */,
				B35ABA0424D4D2320046B1C2 /* Resources */,
				165B1326482C6A669D4F2E21 /* [CP] Embed Pods Frameworks */,
				5B23C47BF72D5DFA2235B2AC /* [CP] Copy Pods Resources */,
			);
			buildRules = (
			);
			dependencies = (
			);
			name = Messenger;
			productName = Messenger;
			productReference = B35ABA0624D4D2320046B1C2 /* Messenger.app */;
			productType = "com.apple.product-type.application";
		};
/* End PBXNativeTarget section */

/* Begin PBXProject section */
		B35AB9FE24D4D2320046B1C2 /* Project object */ = {
			isa = PBXProject;
			attributes = {
				LastSwiftUpdateCheck = 1140;
				LastUpgradeCheck = 1140;
				ORGANIZATIONNAME = LSDevStudy;
				TargetAttributes = {
					B35ABA0524D4D2320046B1C2 = {
						CreatedOnToolsVersion = 11.4.1;
					};
				};
			};
			buildConfigurationList = B35ABA0124D4D2320046B1C2 /* Build configuration list for PBXProject "Messenger" */;
			compatibilityVersion = "Xcode 9.3";
			developmentRegion = en;
			hasScannedForEncodings = 0;
			knownRegions = (
				en,
				Base,
			);
			mainGroup = B35AB9FD24D4D2320046B1C2;
			productRefGroup = B35ABA0724D4D2320046B1C2 /* Products */;
			projectDirPath = "";
			projectRoot = "";
			targets = (
				B35ABA0524D4D2320046B1C2 /* Messenger */,
			);
		};
/* End PBXProject section */

/* Begin PBXResourcesBuildPhase section */
		B35ABA0424D4D2320046B1C2 /* Resources */ = {
			isa = PBXResourcesBuildPhase;
			buildActionMask = 2147483647;
			files = (
				B35ABA1624D4D2350046B1C2 /* LaunchScreen.storyboard in Resources */,
				B35ABA1E24D4D82B0046B1C2 /* GoogleService-Info.plist in Resources */,
				B35ABA1324D4D2350046B1C2 /* Assets.xcassets in Resources */,
				B35ABA1124D4D2320046B1C2 /* Main.storyboard in Resources */,
			);
			runOnlyForDeploymentPostprocessing = 0;
		};
/* End PBXResourcesBuildPhase section */

/* Begin PBXShellScriptBuildPhase section */
		165B1326482C6A669D4F2E21 /* [CP] Embed Pods Frameworks */ = {
			isa = PBXShellScriptBuildPhase;
			buildActionMask = 2147483647;
			files = (
			);
			inputFileListPaths = (
				"${PODS_ROOT}/Target Support Files/Pods-Messenger/Pods-Messenger-frameworks-${CONFIGURATION}-input-files.xcfilelist",
			);
			name = "[CP] Embed Pods Frameworks";
			outputFileListPaths = (
				"${PODS_ROOT}/Target Support Files/Pods-Messenger/Pods-Messenger-frameworks-${CONFIGURATION}-output-files.xcfilelist",
			);
			runOnlyForDeploymentPostprocessing = 0;
			shellPath = /bin/sh;
			shellScript = "\"${PODS_ROOT}/Target Support Files/Pods-Messenger/Pods-Messenger-frameworks.sh\"\n";
			showEnvVarsInLog = 0;
		};
		5B23C47BF72D5DFA2235B2AC /* [CP] Copy Pods Resources */ = {
			isa = PBXShellScriptBuildPhase;
			buildActionMask = 2147483647;
			files = (
			);
			inputFileListPaths = (
				"${PODS_ROOT}/Target Support Files/Pods-Messenger/Pods-Messenger-resources-${CONFIGURATION}-input-files.xcfilelist",
			);
			name = "[CP] Copy Pods Resources";
			outputFileListPaths = (
				"${PODS_ROOT}/Target Support Files/Pods-Messenger/Pods-Messenger-resources-${CONFIGURATION}-output-files.xcfilelist",
			);
			runOnlyForDeploymentPostprocessing = 0;
			shellPath = /bin/sh;
			shellScript = "\"${PODS_ROOT}/Target Support Files/Pods-Messenger/Pods-Messenger-resources.sh\"\n";
			showEnvVarsInLog = 0;
		};
		6CBD7A23C19CC9D8E0B2ED4D /* [CP] Check Pods Manifest.lock */ = {
			isa = PBXShellScriptBuildPhase;
			buildActionMask = 2147483647;
			files = (
			);
			inputFileListPaths = (
			);
			inputPaths = (
				"${PODS_PODFILE_DIR_PATH}/Podfile.lock",
				"${PODS_ROOT}/Manifest.lock",
			);
			name = "[CP] Check Pods Manifest.lock";
			outputFileListPaths = (
			);
			outputPaths = (
				"$(DERIVED_FILE_DIR)/Pods-Messenger-checkManifestLockResult.txt",
			);
			runOnlyForDeploymentPostprocessing = 0;
			shellPath = /bin/sh;
			shellScript = "diff \"${PODS_PODFILE_DIR_PATH}/Podfile.lock\" \"${PODS_ROOT}/Manifest.lock\" > /dev/null\nif [ $? != 0 ] ; then\n    # print error to STDERR\n    echo \"error: The sandbox is not in sync with the Podfile.lock. Run 'pod install' or update your CocoaPods installation.\" >&2\n    exit 1\nfi\n# This output is used by Xcode 'outputs' to avoid re-running this script phase.\necho \"SUCCESS\" > \"${SCRIPT_OUTPUT_FILE_0}\"\n";
			showEnvVarsInLog = 0;
		};
/* End PBXShellScriptBuildPhase section */

/* Begin PBXSourcesBuildPhase section */
		B35ABA0224D4D2320046B1C2 /* Sources */ = {
			isa = PBXSourcesBuildPhase;
			buildActionMask = 2147483647;
			files = (
				B35ABA0E24D4D2320046B1C2 /* AuthViewController.swift in Sources */,
				B31C094724FDC48700B9E839 /* MSender.swift in Sources */,
				B341901224E7482500823790 /* Validators.swift in Sources */,
				B34762AA24F9B0AE0051CF88 /* MMessage.swift in Sources */,
				B38B3B5F24EC9AC300CA7AD8 /* AuthErrors.swift in Sources */,
				B34762A324F8B3980051CF88 /* ListenerServices.swift in Sources */,
				B31C093F24FD890C00B9E839 /* GetTopVC.swift in Sources */,
				B35ABA0A24D4D2320046B1C2 /* AppDelegate.swift in Sources */,
				B362782F24D4E883009B0CE7 /* RegistrationViewController.swift in Sources */,
				B341900A24E718D400823790 /* LoginViewController.swift in Sources */,
				B3315BE224F1F578001CF49B /* ChatsViewController.swift in Sources */,
				B31C094524FDBEB400B9E839 /* MessageViewController.swift in Sources */,
				B31C094324FD9DDB00B9E839 /* Alerts.swift in Sources */,
				B341900E24E71B6400823790 /* AuthentificationServices.swift in Sources */,
				B381E81824EDE4DB001AC878 /* FirestoreService.swift in Sources */,
				B381E81A24EDEE2C001AC878 /* MUser.swift in Sources */,
				B34762A624F9A26B0051CF88 /* ChatTableViewCell.swift in Sources */,
				B35ABA0C24D4D2320046B1C2 /* SceneDelegate.swift in Sources */,
				B34762A824F9AC4D0051CF88 /* MChat.swift in Sources */,
			);
			runOnlyForDeploymentPostprocessing = 0;
		};
/* End PBXSourcesBuildPhase section */

/* Begin PBXVariantGroup section */
		B35ABA0F24D4D2320046B1C2 /* Main.storyboard */ = {
			isa = PBXVariantGroup;
			children = (
				B35ABA1024D4D2320046B1C2 /* Base */,
			);
			name = Main.storyboard;
			sourceTree = "<group>";
		};
		B35ABA1424D4D2350046B1C2 /* LaunchScreen.storyboard */ = {
			isa = PBXVariantGroup;
			children = (
				B35ABA1524D4D2350046B1C2 /* Base */,
			);
			name = LaunchScreen.storyboard;
			sourceTree = "<group>";
		};
/* End PBXVariantGroup section */

/* Begin XCBuildConfiguration section */
		B35ABA1824D4D2350046B1C2 /* Debug */ = {
			isa = XCBuildConfiguration;
			buildSettings = {
				ALWAYS_SEARCH_USER_PATHS = NO;
				CLANG_ANALYZER_NONNULL = YES;
				CLANG_ANALYZER_NUMBER_OBJECT_CONVERSION = YES_AGGRESSIVE;
				CLANG_CXX_LANGUAGE_STANDARD = "gnu++14";
				CLANG_CXX_LIBRARY = "libc++";
				CLANG_ENABLE_MODULES = YES;
				CLANG_ENABLE_OBJC_ARC = YES;
				CLANG_ENABLE_OBJC_WEAK = YES;
				CLANG_WARN_BLOCK_CAPTURE_AUTORELEASING = YES;
				CLANG_WARN_BOOL_CONVERSION = YES;
				CLANG_WARN_COMMA = YES;
				CLANG_WARN_CONSTANT_CONVERSION = YES;
				CLANG_WARN_DEPRECATED_OBJC_IMPLEMENTATIONS = YES;
				CLANG_WARN_DIRECT_OBJC_ISA_USAGE = YES_ERROR;
				CLANG_WARN_DOCUMENTATION_COMMENTS = YES;
				CLANG_WARN_EMPTY_BODY = YES;
				CLANG_WARN_ENUM_CONVERSION = YES;
				CLANG_WARN_INFINITE_RECURSION = YES;
				CLANG_WARN_INT_CONVERSION = YES;
				CLANG_WARN_NON_LITERAL_NULL_CONVERSION = YES;
				CLANG_WARN_OBJC_IMPLICIT_RETAIN_SELF = YES;
				CLANG_WARN_OBJC_LITERAL_CONVERSION = YES;
				CLANG_WARN_OBJC_ROOT_CLASS = YES_ERROR;
				CLANG_WARN_RANGE_LOOP_ANALYSIS = YES;
				CLANG_WARN_STRICT_PROTOTYPES = YES;
				CLANG_WARN_SUSPICIOUS_MOVE = YES;
				CLANG_WARN_UNGUARDED_AVAILABILITY = YES_AGGRESSIVE;
				CLANG_WARN_UNREACHABLE_CODE = YES;
				CLANG_WARN__DUPLICATE_METHOD_MATCH = YES;
				COPY_PHASE_STRIP = NO;
				DEBUG_INFORMATION_FORMAT = dwarf;
				ENABLE_STRICT_OBJC_MSGSEND = YES;
				ENABLE_TESTABILITY = YES;
				GCC_C_LANGUAGE_STANDARD = gnu11;
				GCC_DYNAMIC_NO_PIC = NO;
				GCC_NO_COMMON_BLOCKS = YES;
				GCC_OPTIMIZATION_LEVEL = 0;
				GCC_PREPROCESSOR_DEFINITIONS = (
					"DEBUG=1",
					"$(inherited)",
				);
				GCC_WARN_64_TO_32_BIT_CONVERSION = YES;
				GCC_WARN_ABOUT_RETURN_TYPE = YES_ERROR;
				GCC_WARN_UNDECLARED_SELECTOR = YES;
				GCC_WARN_UNINITIALIZED_AUTOS = YES_AGGRESSIVE;
				GCC_WARN_UNUSED_FUNCTION = YES;
				GCC_WARN_UNUSED_VARIABLE = YES;
				IPHONEOS_DEPLOYMENT_TARGET = 13.4;
				MTL_ENABLE_DEBUG_INFO = INCLUDE_SOURCE;
				MTL_FAST_MATH = YES;
				ONLY_ACTIVE_ARCH = YES;
				SDKROOT = iphoneos;
				SWIFT_ACTIVE_COMPILATION_CONDITIONS = DEBUG;
				SWIFT_OPTIMIZATION_LEVEL = "-Onone";
			};
			name = Debug;
		};
		B35ABA1924D4D2350046B1C2 /* Release */ = {
			isa = XCBuildConfiguration;
			buildSettings = {
				ALWAYS_SEARCH_USER_PATHS = NO;
				CLANG_ANALYZER_NONNULL = YES;
				CLANG_ANALYZER_NUMBER_OBJECT_CONVERSION = YES_AGGRESSIVE;
				CLANG_CXX_LANGUAGE_STANDARD = "gnu++14";
				CLANG_CXX_LIBRARY = "libc++";
				CLANG_ENABLE_MODULES = YES;
				CLANG_ENABLE_OBJC_ARC = YES;
				CLANG_ENABLE_OBJC_WEAK = YES;
				CLANG_WARN_BLOCK_CAPTURE_AUTORELEASING = YES;
				CLANG_WARN_BOOL_CONVERSION = YES;
				CLANG_WARN_COMMA = YES;
				CLANG_WARN_CONSTANT_CONVERSION = YES;
				CLANG_WARN_DEPRECATED_OBJC_IMPLEMENTATIONS = YES;
				CLANG_WARN_DIRECT_OBJC_ISA_USAGE = YES_ERROR;
				CLANG_WARN_DOCUMENTATION_COMMENTS = YES;
				CLANG_WARN_EMPTY_BODY = YES;
				CLANG_WARN_ENUM_CONVERSION = YES;
				CLANG_WARN_INFINITE_RECURSION = YES;
				CLANG_WARN_INT_CONVERSION = YES;
				CLANG_WARN_NON_LITERAL_NULL_CONVERSION = YES;
				CLANG_WARN_OBJC_IMPLICIT_RETAIN_SELF = YES;
				CLANG_WARN_OBJC_LITERAL_CONVERSION = YES;
				CLANG_WARN_OBJC_ROOT_CLASS = YES_ERROR;
				CLANG_WARN_RANGE_LOOP_ANALYSIS = YES;
				CLANG_WARN_STRICT_PROTOTYPES = YES;
				CLANG_WARN_SUSPICIOUS_MOVE = YES;
				CLANG_WARN_UNGUARDED_AVAILABILITY = YES_AGGRESSIVE;
				CLANG_WARN_UNREACHABLE_CODE = YES;
				CLANG_WARN__DUPLICATE_METHOD_MATCH = YES;
				COPY_PHASE_STRIP = NO;
				DEBUG_INFORMATION_FORMAT = "dwarf-with-dsym";
				ENABLE_NS_ASSERTIONS = NO;
				ENABLE_STRICT_OBJC_MSGSEND = YES;
				GCC_C_LANGUAGE_STANDARD = gnu11;
				GCC_NO_COMMON_BLOCKS = YES;
				GCC_WARN_64_TO_32_BIT_CONVERSION = YES;
				GCC_WARN_ABOUT_RETURN_TYPE = YES_ERROR;
				GCC_WARN_UNDECLARED_SELECTOR = YES;
				GCC_WARN_UNINITIALIZED_AUTOS = YES_AGGRESSIVE;
				GCC_WARN_UNUSED_FUNCTION = YES;
				GCC_WARN_UNUSED_VARIABLE = YES;
				IPHONEOS_DEPLOYMENT_TARGET = 13.4;
				MTL_ENABLE_DEBUG_INFO = NO;
				MTL_FAST_MATH = YES;
				SDKROOT = iphoneos;
				SWIFT_COMPILATION_MODE = wholemodule;
				SWIFT_OPTIMIZATION_LEVEL = "-O";
				VALIDATE_PRODUCT = YES;
			};
			name = Release;
		};
		B35ABA1B24D4D2350046B1C2 /* Debug */ = {
			isa = XCBuildConfiguration;
			baseConfigurationReference = DEACC253520E72EBD775A65C /* Pods-Messenger.debug.xcconfig */;
			buildSettings = {
				ASSETCATALOG_COMPILER_APPICON_NAME = AppIcon;
				CODE_SIGN_STYLE = Automatic;
				DEVELOPMENT_TEAM = N33Z226B5D;
				INFOPLIST_FILE = Messenger/Info.plist;
				IPHONEOS_DEPLOYMENT_TARGET = 13.0;
				LD_RUNPATH_SEARCH_PATHS = (
					"$(inherited)",
					"@executable_path/Frameworks",
				);
				PRODUCT_BUNDLE_IDENTIFIER = LSDS.Messenger;
				PRODUCT_NAME = "$(TARGET_NAME)";
				SWIFT_VERSION = 5.0;
				TARGETED_DEVICE_FAMILY = 1;
			};
			name = Debug;
		};
		B35ABA1C24D4D2350046B1C2 /* Release */ = {
			isa = XCBuildConfiguration;
			baseConfigurationReference = E2FCE08827C6530D6486C5AE /* Pods-Messenger.release.xcconfig */;
			buildSettings = {
				ASSETCATALOG_COMPILER_APPICON_NAME = AppIcon;
				CODE_SIGN_STYLE = Automatic;
				DEVELOPMENT_TEAM = N33Z226B5D;
				INFOPLIST_FILE = Messenger/Info.plist;
				IPHONEOS_DEPLOYMENT_TARGET = 13.0;
				LD_RUNPATH_SEARCH_PATHS = (
					"$(inherited)",
					"@executable_path/Frameworks",
				);
				PRODUCT_BUNDLE_IDENTIFIER = LSDS.Messenger;
				PRODUCT_NAME = "$(TARGET_NAME)";
				SWIFT_VERSION = 5.0;
				TARGETED_DEVICE_FAMILY = 1;
			};
			name = Release;
		};
/* End XCBuildConfiguration section */

/* Begin XCConfigurationList section */
		B35ABA0124D4D2320046B1C2 /* Build configuration list for PBXProject "Messenger" */ = {
			isa = XCConfigurationList;
			buildConfigurations = (
				B35ABA1824D4D2350046B1C2 /* Debug */,
				B35ABA1924D4D2350046B1C2 /* Release */,
			);
			defaultConfigurationIsVisible = 0;
			defaultConfigurationName = Release;
		};
		B35ABA1A24D4D2350046B1C2 /* Build configuration list for PBXNativeTarget "Messenger" */ = {
			isa = XCConfigurationList;
			buildConfigurations = (
				B35ABA1B24D4D2350046B1C2 /* Debug */,
				B35ABA1C24D4D2350046B1C2 /* Release */,
			);
			defaultConfigurationIsVisible = 0;
			defaultConfigurationName = Release;
		};
/* End XCConfigurationList section */
	};
	rootObject = B35AB9FE24D4D2320046B1C2 /* Project object */;
}
